
Microsoft Visual Studio Solution File, Format Version 12.00
# Visual Studio 14
VisualStudioVersion = 14.0.23107.0
MinimumVisualStudioVersion = 10.0.40219.1
Project("{FAE04EC0-301F-11D3-BF4B-00C04F79EFBC}") = "Grade Predictor", "Grade Predictor\Grade Predictor.csproj", "{9DC98237-2B66-46B4-AFE7-C868BCB1AD80}"
EndProject
Global
	GlobalSection(SolutionConfigurationPlatforms) = preSolution
		Debug|Any CPU = Debug|Any CPU
		Release|Any CPU = Release|Any CPU
	EndGlobalSection
	GlobalSection(ProjectConfigurationPlatforms) = postSolution
		{9DC98237-2B66-46B4-AFE7-C868BCB1AD80}.Debug|Any CPU.ActiveCfg = Debug|Any CPU
		{9DC98237-2B66-46B4-AFE7-C868BCB1AD80}.Debug|Any CPU.Build.0 = Debug|Any CPU
		{9DC98237-2B66-46B4-AFE7-C868BCB1AD80}.Release|Any CPU.ActiveCfg = Release|Any CPU
		{9DC98237-2B66-46B4-AFE7-C868BCB1AD80}.Release|Any CPU.Build.0 = Release|Any CPU
	EndGlobalSection
	GlobalSection(SolutionProperties) = preSolution
		HideSolutionNode = FALSE
	EndGlobalSection
	GlobalSection(TeamFoundationVersionControl) = preSolution
		SccNumberOfProjects = 2
		SccEnterpriseProvider = {4CA58AB2-18FA-4F8D-95D4-32DDF27D184C}
		SccTeamFoundationServer = https://hovtoros.visualstudio.com/defaultcollection
		SccLocalPath0 = .
		SccProjectUniqueName1 = Grade\u0020Predictor\\Grade\u0020Predictor.csproj
		SccProjectName1 = Grade\u0020Predictor
		SccLocalPath1 = Grade\u0020Predictor
	EndGlobalSection
EndGlobal
